PODS:
  - Alamofire (5.2.1)
  - SASLoaderPod (1.0.8)
  - SDWebImage (5.8.1):
    - SDWebImage/Core (= 5.8.1)
  - SDWebImage/Core (5.8.1)

DEPENDENCIES:
  - Alamofire
  - SASLoaderPod
  - SDWebImage

SPEC REPOS:
  trunk:
    - Alamofire
    - SASLoaderPod
    - SDWebImage

SPEC CHECKSUMS:
  Alamofire: e911732990610fe89af59ac0077f923d72dc3dfd
  SASLoaderPod: 3cbdc366b956576a62a17b472d9407b905d48aa9
  SDWebImage: e3eae2eda88578db0685a0c88597fdadd9433f05

PODFILE CHECKSUM: 5b9c23bc7485411594bfc77666220f1b367f4fcc

COCOAPODS: 1.9.3
