// !$*UTF8*$!
{
	archiveVersion = 1;
	classes = {
	};
	objectVersion = 51;
	objects = {

/* Begin PBXBuildFile section */
		145C07BBDE24315FFDDBF5A1 /* Pods_DreamKatcher_DreamKatcherUITests.framework in Frameworks */ = {isa = PBXBuildFile; fileRef = BB4B3B2FF00E5D08752E9876 /* Pods_DreamKatcher_DreamKatcherUITests.framework */; };
		180F9DE424EDAA2900AD1723 /* DKFeedPageViewController.swift in Sources */ = {isa = PBXBuildFile; fileRef = 180F9DE324EDAA2900AD1723 /* DKFeedPageViewController.swift */; };
		180F9DE624EDAAE800AD1723 /* DKFeedViewController.swift in Sources */ = {isa = PBXBuildFile; fileRef = 180F9DE524EDAAE800AD1723 /* DKFeedViewController.swift */; };
		180F9DE824EDACBE00AD1723 /* StoryboardHelpers.swift in Sources */ = {isa = PBXBuildFile; fileRef = 180F9DE724EDACBE00AD1723 /* StoryboardHelpers.swift */; };
		180F9DEA24EDAE8C00AD1723 /* DKFeedPagePresenter.swift in Sources */ = {isa = PBXBuildFile; fileRef = 180F9DE924EDAE8C00AD1723 /* DKFeedPagePresenter.swift */; };
		180F9DEC24EDBDE300AD1723 /* DKImageViewController.swift in Sources */ = {isa = PBXBuildFile; fileRef = 180F9DEB24EDBDE300AD1723 /* DKImageViewController.swift */; };
		186608B724ED92CB0091EF21 /* AppDelegate.swift in Sources */ = {isa = PBXBuildFile; fileRef = 186608B624ED92CB0091EF21 /* AppDelegate.swift */; };
		186608B924ED92CB0091EF21 /* SceneDelegate.swift in Sources */ = {isa = PBXBuildFile; fileRef = 186608B824ED92CB0091EF21 /* SceneDelegate.swift */; };
		186608BE24ED92CB0091EF21 /* Main.storyboard in Resources */ = {isa = PBXBuildFile; fileRef = 186608BC24ED92CB0091EF21 /* Main.storyboard */; };
		186608C024ED92D30091EF21 /* Assets.xcassets in Resources */ = {isa = PBXBuildFile; fileRef = 186608BF24ED92D30091EF21 /* Assets.xcassets */; };
		186608C324ED92D30091EF21 /* LaunchScreen.storyboard in Resources */ = {isa = PBXBuildFile; fileRef = 186608C124ED92D30091EF21 /* LaunchScreen.storyboard */; };
		186608CE24ED92D30091EF21 /* DreamKatcherTests.swift in Sources */ = {isa = PBXBuildFile; fileRef = 186608CD24ED92D30091EF21 /* DreamKatcherTests.swift */; };
		186608D924ED92D30091EF21 /* DreamKatcherUITests.swift in Sources */ = {isa = PBXBuildFile; fileRef = 186608D824ED92D30091EF21 /* DreamKatcherUITests.swift */; };
		186608E924ED93250091EF21 /* Constants.swift in Sources */ = {isa = PBXBuildFile; fileRef = 186608E724ED93250091EF21 /* Constants.swift */; };
		186608EA24ED93250091EF21 /* APILibrary.swift in Sources */ = {isa = PBXBuildFile; fileRef = 186608E824ED93250091EF21 /* APILibrary.swift */; };
		1866090624ED952C0091EF21 /* Results.swift in Sources */ = {isa = PBXBuildFile; fileRef = 186608FD24ED952C0091EF21 /* Results.swift */; };
		1866090724ED952C0091EF21 /* ModelResponse.swift in Sources */ = {isa = PBXBuildFile; fileRef = 186608FE24ED952C0091EF21 /* ModelResponse.swift */; };
		1866091324ED97280091EF21 /* SASSuperAlert.swift in Sources */ = {isa = PBXBuildFile; fileRef = 1866091024ED97280091EF21 /* SASSuperAlert.swift */; };
		1866091424ED97280091EF21 /* Double+Ext.swift in Sources */ = {isa = PBXBuildFile; fileRef = 1866091124ED97280091EF21 /* Double+Ext.swift */; };
		1866091524ED97280091EF21 /* NSObject+Ext.swift in Sources */ = {isa = PBXBuildFile; fileRef = 1866091224ED97280091EF21 /* NSObject+Ext.swift */; };
		1866091E24ED980A0091EF21 /* Playback.swift in Sources */ = {isa = PBXBuildFile; fileRef = 1866091724ED98090091EF21 /* Playback.swift */; };
		1866091F24ED980A0091EF21 /* User.swift in Sources */ = {isa = PBXBuildFile; fileRef = 1866091824ED98090091EF21 /* User.swift */; };
		1866092024ED980A0091EF21 /* ActivityModel.swift in Sources */ = {isa = PBXBuildFile; fileRef = 1866091924ED98090091EF21 /* ActivityModel.swift */; };
		1866092124ED980A0091EF21 /* ResultsData.swift in Sources */ = {isa = PBXBuildFile; fileRef = 1866091A24ED98090091EF21 /* ResultsData.swift */; };
		1866092224ED980A0091EF21 /* Formatted_data.swift in Sources */ = {isa = PBXBuildFile; fileRef = 1866091B24ED98090091EF21 /* Formatted_data.swift */; };
		1866092324ED980A0091EF21 /* New_formatted_data.swift in Sources */ = {isa = PBXBuildFile; fileRef = 1866091C24ED980A0091EF21 /* New_formatted_data.swift */; };
		1866092424ED980A0091EF21 /* Profile_pic.swift in Sources */ = {isa = PBXBuildFile; fileRef = 1866091D24ED980A0091EF21 /* Profile_pic.swift */; };
		9B0E09A932A45BC43918FE09 /* Pods_DreamKatcherTests.framework in Frameworks */ = {isa = PBXBuildFile; fileRef = 9153BBED0F8FC0C8668E7596 /* Pods_DreamKatcherTests.framework */; };
		9D924FB524F69104006C341C /* APILib.swift in Sources */ = {isa = PBXBuildFile; fileRef = 9D924FB424F69104006C341C /* APILib.swift */; };
		9D924FB824F6912C006C341C /* SASLogger.swift in Sources */ = {isa = PBXBuildFile; fileRef = 9D924FB724F6912C006C341C /* SASLogger.swift */; };
		B43DDFE80FE847E8ED408319 /* Pods_DreamKatcher.framework in Frameworks */ = {isa = PBXBuildFile; fileRef = C37F371F007CA45241F39341 /* Pods_DreamKatcher.framework */; };
/* End PBXBuildFile section */

/* Begin PBXContainerItemProxy section */
		186608CA24ED92D30091EF21 /* PBXContainerItemProxy */ = {
			isa = PBXContainerItemProxy;
			containerPortal = 186608AB24ED92CB0091EF21 /* Project object */;
			proxyType = 1;
			remoteGlobalIDString = 186608B224ED92CB0091EF21;
			remoteInfo = DreamKatcher;
		};
		186608D524ED92D30091EF21 /* PBXContainerItemProxy */ = {
			isa = PBXContainerItemProxy;
			containerPortal = 186608AB24ED92CB0091EF21 /* Project object */;
			proxyType = 1;
			remoteGlobalIDString = 186608B224ED92CB0091EF21;
			remoteInfo = DreamKatcher;
		};
/* End PBXContainerItemProxy section */

/* Begin PBXFileReference section */
		0078C69662649D06BA113528 /* Pods-DreamKatcher.debug.xcconfig */ = {isa = PBXFileReference; includeInIndex = 1; lastKnownFileType = text.xcconfig; name = "Pods-DreamKatcher.debug.xcconfig"; path = "Target Support Files/Pods-DreamKatcher/Pods-DreamKatcher.debug.xcconfig"; sourceTree = "<group>"; };
		180F9DE324EDAA2900AD1723 /* DKFeedPageViewController.swift */ = {isa = PBXFileReference; lastKnownFileType = sourcecode.swift; path = DKFeedPageViewController.swift; sourceTree = "<group>"; };
		180F9DE524EDAAE800AD1723 /* DKFeedViewController.swift */ = {isa = PBXFileReference; lastKnownFileType = sourcecode.swift; path = DKFeedViewController.swift; sourceTree = "<group>"; };
		180F9DE724EDACBE00AD1723 /* StoryboardHelpers.swift */ = {isa = PBXFileReference; lastKnownFileType = sourcecode.swift; path = StoryboardHelpers.swift; sourceTree = "<group>"; };
		180F9DE924EDAE8C00AD1723 /* DKFeedPagePresenter.swift */ = {isa = PBXFileReference; lastKnownFileType = sourcecode.swift; path = DKFeedPagePresenter.swift; sourceTree = "<group>"; };
		180F9DEB24EDBDE300AD1723 /* DKImageViewController.swift */ = {isa = PBXFileReference; lastKnownFileType = sourcecode.swift; path = DKImageViewController.swift; sourceTree = "<group>"; };
		186608B324ED92CB0091EF21 /* DreamKatcher.app */ = {isa = PBXFileReference; explicitFileType = wrapper.application; includeInIndex = 0; path = DreamKatcher.app; sourceTree = BUILT_PRODUCTS_DIR; };
		186608B624ED92CB0091EF21 /* AppDelegate.swift */ = {isa = PBXFileReference; lastKnownFileType = sourcecode.swift; path = AppDelegate.swift; sourceTree = "<group>"; };
		186608B824ED92CB0091EF21 /* SceneDelegate.swift */ = {isa = PBXFileReference; lastKnownFileType = sourcecode.swift; path = SceneDelegate.swift; sourceTree = "<group>"; };
		186608BD24ED92CB0091EF21 /* Base */ = {isa = PBXFileReference; lastKnownFileType = file.storyboard; name = Base; path = Base.lproj/Main.storyboard; sourceTree = "<group>"; };
		186608BF24ED92D30091EF21 /* Assets.xcassets */ = {isa = PBXFileReference; lastKnownFileType = folder.assetcatalog; path = Assets.xcassets; sourceTree = "<group>"; };
		186608C224ED92D30091EF21 /* Base */ = {isa = PBXFileReference; lastKnownFileType = file.storyboard; name = Base; path = Base.lproj/LaunchScreen.storyboard; sourceTree = "<group>"; };
		186608C424ED92D30091EF21 /* Info.plist */ = {isa = PBXFileReference; lastKnownFileType = text.plist.xml; path = Info.plist; sourceTree = "<group>"; };
		186608C924ED92D30091EF21 /* DreamKatcherTests.xctest */ = {isa = PBXFileReference; explicitFileType = wrapper.cfbundle; includeInIndex = 0; path = DreamKatcherTests.xctest; sourceTree = BUILT_PRODUCTS_DIR; };
		186608CD24ED92D30091EF21 /* DreamKatcherTests.swift */ = {isa = PBXFileReference; lastKnownFileType = sourcecode.swift; path = DreamKatcherTests.swift; sourceTree = "<group>"; };
		186608CF24ED92D30091EF21 /* Info.plist */ = {isa = PBXFileReference; lastKnownFileType = text.plist.xml; path = Info.plist; sourceTree = "<group>"; };
		186608D424ED92D30091EF21 /* DreamKatcherUITests.xctest */ = {isa = PBXFileReference; explicitFileType = wrapper.cfbundle; includeInIndex = 0; path = DreamKatcherUITests.xctest; sourceTree = BUILT_PRODUCTS_DIR; };
		186608D824ED92D30091EF21 /* DreamKatcherUITests.swift */ = {isa = PBXFileReference; lastKnownFileType = sourcecode.swift; path = DreamKatcherUITests.swift; sourceTree = "<group>"; };
		186608DA24ED92D30091EF21 /* Info.plist */ = {isa = PBXFileReference; lastKnownFileType = text.plist.xml; path = Info.plist; sourceTree = "<group>"; };
		186608E724ED93250091EF21 /* Constants.swift */ = {isa = PBXFileReference; fileEncoding = 4; lastKnownFileType = sourcecode.swift; path = Constants.swift; sourceTree = "<group>"; };
		186608E824ED93250091EF21 /* APILibrary.swift */ = {isa = PBXFileReference; fileEncoding = 4; lastKnownFileType = sourcecode.swift; path = APILibrary.swift; sourceTree = "<group>"; };
		186608FD24ED952C0091EF21 /* Results.swift */ = {isa = PBXFileReference; fileEncoding = 4; lastKnownFileType = sourcecode.swift; path = Results.swift; sourceTree = "<group>"; };
		186608FE24ED952C0091EF21 /* ModelResponse.swift */ = {isa = PBXFileReference; fileEncoding = 4; lastKnownFileType = sourcecode.swift; path = ModelResponse.swift; sourceTree = "<group>"; };
		1866091024ED97280091EF21 /* SASSuperAlert.swift */ = {isa = PBXFileReference; fileEncoding = 4; lastKnownFileType = sourcecode.swift; path = SASSuperAlert.swift; sourceTree = "<group>"; };
		1866091124ED97280091EF21 /* Double+Ext.swift */ = {isa = PBXFileReference; fileEncoding = 4; lastKnownFileType = sourcecode.swift; path = "Double+Ext.swift"; sourceTree = "<group>"; };
		1866091224ED97280091EF21 /* NSObject+Ext.swift */ = {isa = PBXFileReference; fileEncoding = 4; lastKnownFileType = sourcecode.swift; path = "NSObject+Ext.swift"; sourceTree = "<group>"; };
		1866091724ED98090091EF21 /* Playback.swift */ = {isa = PBXFileReference; fileEncoding = 4; lastKnownFileType = sourcecode.swift; path = Playback.swift; sourceTree = "<group>"; };
		1866091824ED98090091EF21 /* User.swift */ = {isa = PBXFileReference; fileEncoding = 4; lastKnownFileType = sourcecode.swift; path = User.swift; sourceTree = "<group>"; };
		1866091924ED98090091EF21 /* ActivityModel.swift */ = {isa = PBXFileReference; fileEncoding = 4; lastKnownFileType = sourcecode.swift; path = ActivityModel.swift; sourceTree = "<group>"; };
		1866091A24ED98090091EF21 /* ResultsData.swift */ = {isa = PBXFileReference; fileEncoding = 4; lastKnownFileType = sourcecode.swift; path = ResultsData.swift; sourceTree = "<group>"; };
		1866091B24ED98090091EF21 /* Formatted_data.swift */ = {isa = PBXFileReference; fileEncoding = 4; lastKnownFileType = sourcecode.swift; path = Formatted_data.swift; sourceTree = "<group>"; };
		1866091C24ED980A0091EF21 /* New_formatted_data.swift */ = {isa = PBXFileReference; fileEncoding = 4; lastKnownFileType = sourcecode.swift; path = New_formatted_data.swift; sourceTree = "<group>"; };
		1866091D24ED980A0091EF21 /* Profile_pic.swift */ = {isa = PBXFileReference; fileEncoding = 4; lastKnownFileType = sourcecode.swift; path = Profile_pic.swift; sourceTree = "<group>"; };
		3F6D7B22FC8BA24FC44F4BC5 /* Pods-DreamKatcher-DreamKatcherUITests.debug.xcconfig */ = {isa = PBXFileReference; includeInIndex = 1; lastKnownFileType = text.xcconfig; name = "Pods-DreamKatcher-DreamKatcherUITests.debug.xcconfig"; path = "Target Support Files/Pods-DreamKatcher-DreamKatcherUITests/Pods-DreamKatcher-DreamKatcherUITests.debug.xcconfig"; sourceTree = "<group>"; };
		6DD2A496F340859B62D94051 /* Pods-DreamKatcherTests.release.xcconfig */ = {isa = PBXFileReference; includeInIndex = 1; lastKnownFileType = text.xcconfig; name = "Pods-DreamKatcherTests.release.xcconfig"; path = "Target Support Files/Pods-DreamKatcherTests/Pods-DreamKatcherTests.release.xcconfig"; sourceTree = "<group>"; };
		9153BBED0F8FC0C8668E7596 /* Pods_DreamKatcherTests.framework */ = {isa = PBXFileReference; explicitFileType = wrapper.framework; includeInIndex = 0; path = Pods_DreamKatcherTests.framework; sourceTree = BUILT_PRODUCTS_DIR; };
		9D924FB424F69104006C341C /* APILib.swift */ = {isa = PBXFileReference; fileEncoding = 4; lastKnownFileType = sourcecode.swift; path = APILib.swift; sourceTree = "<group>"; };
		9D924FB724F6912C006C341C /* SASLogger.swift */ = {isa = PBXFileReference; fileEncoding = 4; lastKnownFileType = sourcecode.swift; path = SASLogger.swift; sourceTree = "<group>"; };
		BB4B3B2FF00E5D08752E9876 /* Pods_DreamKatcher_DreamKatcherUITests.framework */ = {isa = PBXFileReference; explicitFileType = wrapper.framework; includeInIndex = 0; path = Pods_DreamKatcher_DreamKatcherUITests.framework; sourceTree = BUILT_PRODUCTS_DIR; };
		C37F371F007CA45241F39341 /* Pods_DreamKatcher.framework */ = {isa = PBXFileReference; explicitFileType = wrapper.framework; includeInIndex = 0; path = Pods_DreamKatcher.framework; sourceTree = BUILT_PRODUCTS_DIR; };
		D44C57CAED802BB7E8008170 /* Pods-DreamKatcherTests.debug.xcconfig */ = {isa = PBXFileReference; includeInIndex = 1; lastKnownFileType = text.xcconfig; name = "Pods-DreamKatcherTests.debug.xcconfig"; path = "Target Support Files/Pods-DreamKatcherTests/Pods-DreamKatcherTests.debug.xcconfig"; sourceTree = "<group>"; };
		EE97EB649445CD535016512A /* Pods-DreamKatcher-DreamKatcherUITests.release.xcconfig */ = {isa = PBXFileReference; includeInIndex = 1; lastKnownFileType = text.xcconfig; name = "Pods-DreamKatcher-DreamKatcherUITests.release.xcconfig"; path = "Target Support Files/Pods-DreamKatcher-DreamKatcherUITests/Pods-DreamKatcher-DreamKatcherUITests.release.xcconfig"; sourceTree = "<group>"; };
		F7649254BD864799D70E7FAD /* Pods-DreamKatcher.release.xcconfig */ = {isa = PBXFileReference; includeInIndex = 1; lastKnownFileType = text.xcconfig; name = "Pods-DreamKatcher.release.xcconfig"; path = "Target Support Files/Pods-DreamKatcher/Pods-DreamKatcher.release.xcconfig"; sourceTree = "<group>"; };
/* End PBXFileReference section */

/* Begin PBXFrameworksBuildPhase section */
		186608B024ED92CB0091EF21 /* Frameworks */ = {
			isa = PBXFrameworksBuildPhase;
			buildActionMask = 2147483647;
			files = (
				B43DDFE80FE847E8ED408319 /* Pods_DreamKatcher.framework in Frameworks */,
			);
			runOnlyForDeploymentPostprocessing = 0;
		};
		186608C624ED92D30091EF21 /* Frameworks */ = {
			isa = PBXFrameworksBuildPhase;
			buildActionMask = 2147483647;
			files = (
				9B0E09A932A45BC43918FE09 /* Pods_DreamKatcherTests.framework in Frameworks */,
			);
			runOnlyForDeploymentPostprocessing = 0;
		};
		186608D124ED92D30091EF21 /* Frameworks */ = {
			isa = PBXFrameworksBuildPhase;
			buildActionMask = 2147483647;
			files = (
				145C07BBDE24315FFDDBF5A1 /* Pods_DreamKatcher_DreamKatcherUITests.framework in Frameworks */,
			);
			runOnlyForDeploymentPostprocessing = 0;
		};
/* End PBXFrameworksBuildPhase section */

/* Begin PBXGroup section */
		186608AA24ED92CB0091EF21 = {
			isa = PBXGroup;
			children = (
				9D924FB624F6911D006C341C /* SASLogger */,
				9D924FB324F690F1006C341C /* APILib */,
				186608B524ED92CB0091EF21 /* DreamKatcher */,
				186608CC24ED92D30091EF21 /* DreamKatcherTests */,
				186608D724ED92D30091EF21 /* DreamKatcherUITests */,
				186608B424ED92CB0091EF21 /* Products */,
				C6AE2FF8B8DB0320A2F70A80 /* Pods */,
				2902B710F444D0A86B02B029 /* Frameworks */,
			);
			sourceTree = "<group>";
		};
		186608B424ED92CB0091EF21 /* Products */ = {
			isa = PBXGroup;
			children = (
				186608B324ED92CB0091EF21 /* DreamKatcher.app */,
				186608C924ED92D30091EF21 /* DreamKatcherTests.xctest */,
				186608D424ED92D30091EF21 /* DreamKatcherUITests.xctest */,
			);
			name = Products;
			sourceTree = "<group>";
		};
		186608B524ED92CB0091EF21 /* DreamKatcher */ = {
			isa = PBXGroup;
			children = (
				186608B624ED92CB0091EF21 /* AppDelegate.swift */,
				186608B824ED92CB0091EF21 /* SceneDelegate.swift */,
				186608F424ED952C0091EF21 /* Model */,
				1866090C24ED96800091EF21 /* ViewControllers */,
				186608E624ED93250091EF21 /* NetworkModule */,
				1866090A24ED96520091EF21 /* Storyboard */,
				1866090B24ED96660091EF21 /* Resources */,
				1866090F24ED97280091EF21 /* Exts */,
				186608C424ED92D30091EF21 /* Info.plist */,
			);
			path = DreamKatcher;
			sourceTree = "<group>";
		};
		186608CC24ED92D30091EF21 /* DreamKatcherTests */ = {
			isa = PBXGroup;
			children = (
				186608CD24ED92D30091EF21 /* DreamKatcherTests.swift */,
				186608CF24ED92D30091EF21 /* Info.plist */,
			);
			path = DreamKatcherTests;
			sourceTree = "<group>";
		};
		186608D724ED92D30091EF21 /* DreamKatcherUITests */ = {
			isa = PBXGroup;
			children = (
				186608D824ED92D30091EF21 /* DreamKatcherUITests.swift */,
				186608DA24ED92D30091EF21 /* Info.plist */,
			);
			path = DreamKatcherUITests;
			sourceTree = "<group>";
		};
		186608E624ED93250091EF21 /* NetworkModule */ = {
			isa = PBXGroup;
			children = (
				186608E724ED93250091EF21 /* Constants.swift */,
				186608E824ED93250091EF21 /* APILibrary.swift */,
			);
			path = NetworkModule;
			sourceTree = "<group>";
		};
		186608F424ED952C0091EF21 /* Model */ = {
			isa = PBXGroup;
			children = (
				1866091624ED97FA0091EF21 /* ActivityModel */,
				186608FD24ED952C0091EF21 /* Results.swift */,
				186608FE24ED952C0091EF21 /* ModelResponse.swift */,
			);
			path = Model;
			sourceTree = "<group>";
		};
		1866090A24ED96520091EF21 /* Storyboard */ = {
			isa = PBXGroup;
			children = (
				186608BC24ED92CB0091EF21 /* Main.storyboard */,
				186608C124ED92D30091EF21 /* LaunchScreen.storyboard */,
			);
			path = Storyboard;
			sourceTree = "<group>";
		};
		1866090B24ED96660091EF21 /* Resources */ = {
			isa = PBXGroup;
			children = (
				186608BF24ED92D30091EF21 /* Assets.xcassets */,
			);
			path = Resources;
			sourceTree = "<group>";
		};
		1866090C24ED96800091EF21 /* ViewControllers */ = {
			isa = PBXGroup;
			children = (
				180F9DE324EDAA2900AD1723 /* DKFeedPageViewController.swift */,
				180F9DE524EDAAE800AD1723 /* DKFeedViewController.swift */,
				180F9DE924EDAE8C00AD1723 /* DKFeedPagePresenter.swift */,
				180F9DEB24EDBDE300AD1723 /* DKImageViewController.swift */,
			);
			path = ViewControllers;
			sourceTree = "<group>";
		};
		1866090F24ED97280091EF21 /* Exts */ = {
			isa = PBXGroup;
			children = (
				1866091024ED97280091EF21 /* SASSuperAlert.swift */,
				1866091124ED97280091EF21 /* Double+Ext.swift */,
				1866091224ED97280091EF21 /* NSObject+Ext.swift */,
				180F9DE724EDACBE00AD1723 /* StoryboardHelpers.swift */,
			);
			path = Exts;
			sourceTree = "<group>";
		};
		1866091624ED97FA0091EF21 /* ActivityModel */ = {
			isa = PBXGroup;
			children = (
				1866091924ED98090091EF21 /* ActivityModel.swift */,
				1866091B24ED98090091EF21 /* Formatted_data.swift */,
				1866091C24ED980A0091EF21 /* New_formatted_data.swift */,
				1866091724ED98090091EF21 /* Playback.swift */,
				1866091D24ED980A0091EF21 /* Profile_pic.swift */,
				1866091A24ED98090091EF21 /* ResultsData.swift */,
				1866091824ED98090091EF21 /* User.swift */,
			);
			path = ActivityModel;
			sourceTree = "<group>";
		};
		2902B710F444D0A86B02B029 /* Frameworks */ = {
			isa = PBXGroup;
			children = (
				C37F371F007CA45241F39341 /* Pods_DreamKatcher.framework */,
				BB4B3B2FF00E5D08752E9876 /* Pods_DreamKatcher_DreamKatcherUITests.framework */,
				9153BBED0F8FC0C8668E7596 /* Pods_DreamKatcherTests.framework */,
			);
			name = Frameworks;
			sourceTree = "<group>";
		};
		9D924FB324F690F1006C341C /* APILib */ = {
			isa = PBXGroup;
			children = (
				9D924FB424F69104006C341C /* APILib.swift */,
			);
			path = APILib;
			sourceTree = "<group>";
		};
		9D924FB624F6911D006C341C /* SASLogger */ = {
			isa = PBXGroup;
			children = (
				9D924FB724F6912C006C341C /* SASLogger.swift */,
			);
			path = SASLogger;
			sourceTree = "<group>";
		};
		C6AE2FF8B8DB0320A2F70A80 /* Pods */ = {
			isa = PBXGroup;
			children = (
				0078C69662649D06BA113528 /* Pods-DreamKatcher.debug.xcconfig */,
				F7649254BD864799D70E7FAD /* Pods-DreamKatcher.release.xcconfig */,
				3F6D7B22FC8BA24FC44F4BC5 /* Pods-DreamKatcher-DreamKatcherUITests.debug.xcconfig */,
				EE97EB649445CD535016512A /* Pods-DreamKatcher-DreamKatcherUITests.release.xcconfig */,
				D44C57CAED802BB7E8008170 /* Pods-DreamKatcherTests.debug.xcconfig */,
				6DD2A496F340859B62D94051 /* Pods-DreamKatcherTests.release.xcconfig */,
			);
			path = Pods;
			sourceTree = "<group>";
		};
/* End PBXGroup section */

/* Begin PBXNativeTarget section */
		186608B224ED92CB0091EF21 /* DreamKatcher */ = {
			isa = PBXNativeTarget;
			buildConfigurationList = 186608DD24ED92D30091EF21 /* Build configuration list for PBXNativeTarget "DreamKatcher" */;
			buildPhases = (
				D014CFF8DF0E68EC22FEDB98 /* [CP] Check Pods Manifest.lock */,
				186608AF24ED92CB0091EF21 /* Sources */,
				186608B024ED92CB0091EF21 /* Frameworks */,
				186608B124ED92CB0091EF21 /* Resources */,
				2932ACB3F38873A509E7CD44 /* [CP] Embed Pods Frameworks */,
			);
			buildRules = (
			);
			dependencies = (
			);
			name = DreamKatcher;
			packageProductDependencies = (
			);
			productName = DreamKatcher;
			productReference = 186608B324ED92CB0091EF21 /* DreamKatcher.app */;
			productType = "com.apple.product-type.application";
		};
		186608C824ED92D30091EF21 /* DreamKatcherTests */ = {
			isa = PBXNativeTarget;
			buildConfigurationList = 186608E024ED92D30091EF21 /* Build configuration list for PBXNativeTarget "DreamKatcherTests" */;
			buildPhases = (
				59BF92A59D0C258127CAE012 /* [CP] Check Pods Manifest.lock */,
				186608C524ED92D30091EF21 /* Sources */,
				186608C624ED92D30091EF21 /* Frameworks */,
				186608C724ED92D30091EF21 /* Resources */,
			);
			buildRules = (
			);
			dependencies = (
				186608CB24ED92D30091EF21 /* PBXTargetDependency */,
			);
			name = DreamKatcherTests;
			productName = DreamKatcherTests;
			productReference = 186608C924ED92D30091EF21 /* DreamKatcherTests.xctest */;
			productType = "com.apple.product-type.bundle.unit-test";
		};
		186608D324ED92D30091EF21 /* DreamKatcherUITests */ = {
			isa = PBXNativeTarget;
			buildConfigurationList = 186608E324ED92D30091EF21 /* Build configuration list for PBXNativeTarget "DreamKatcherUITests" */;
			buildPhases = (
				D9D58D085ED242EDF12DCDA5 /* [CP] Check Pods Manifest.lock */,
				186608D024ED92D30091EF21 /* Sources */,
				186608D124ED92D30091EF21 /* Frameworks */,
				186608D224ED92D30091EF21 /* Resources */,
				E6D78F3F9D43FAED64B1338F /* [CP] Embed Pods Frameworks */,
			);
			buildRules = (
			);
			dependencies = (
				186608D624ED92D30091EF21 /* PBXTargetDependency */,
			);
			name = DreamKatcherUITests;
			productName = DreamKatcherUITests;
			productReference = 186608D424ED92D30091EF21 /* DreamKatcherUITests.xctest */;
			productType = "com.apple.product-type.bundle.ui-testing";
		};
/* End PBXNativeTarget section */

/* Begin PBXProject section */
		186608AB24ED92CB0091EF21 /* Project object */ = {
			isa = PBXProject;
			attributes = {
				LastSwiftUpdateCheck = 1160;
				LastUpgradeCheck = 1160;
				ORGANIZATIONNAME = Tech_Tonic;
				TargetAttributes = {
					186608B224ED92CB0091EF21 = {
						CreatedOnToolsVersion = 11.6;
					};
					186608C824ED92D30091EF21 = {
						CreatedOnToolsVersion = 11.6;
						TestTargetID = 186608B224ED92CB0091EF21;
					};
					186608D324ED92D30091EF21 = {
						CreatedOnToolsVersion = 11.6;
						TestTargetID = 186608B224ED92CB0091EF21;
					};
				};
			};
			buildConfigurationList = 186608AE24ED92CB0091EF21 /* Build configuration list for PBXProject "DreamKatcher" */;
			compatibilityVersion = "Xcode 9.3";
			developmentRegion = en;
			hasScannedForEncodings = 0;
			knownRegions = (
				en,
				Base,
			);
			mainGroup = 186608AA24ED92CB0091EF21;
			packageReferences = (
			);
			productRefGroup = 186608B424ED92CB0091EF21 /* Products */;
			projectDirPath = "";
			projectRoot = "";
			targets = (
				186608B224ED92CB0091EF21 /* DreamKatcher */,
				186608C824ED92D30091EF21 /* DreamKatcherTests */,
				186608D324ED92D30091EF21 /* DreamKatcherUITests */,
			);
		};
/* End PBXProject section */

/* Begin PBXResourcesBuildPhase section */
		186608B124ED92CB0091EF21 /* Resources */ = {
			isa = PBXResourcesBuildPhase;
			buildActionMask = 2147483647;
			files = (
				186608C324ED92D30091EF21 /* LaunchScreen.storyboard in Resources */,
				186608C024ED92D30091EF21 /* Assets.xcassets in Resources */,
				186608BE24ED92CB0091EF21 /* Main.storyboard in Resources */,
			);
			runOnlyForDeploymentPostprocessing = 0;
		};
		186608C724ED92D30091EF21 /* Resources */ = {
			isa = PBXResourcesBuildPhase;
			buildActionMask = 2147483647;
			files = (
			);
			runOnlyForDeploymentPostprocessing = 0;
		};
		186608D224ED92D30091EF21 /* Resources */ = {
			isa = PBXResourcesBuildPhase;
			buildActionMask = 2147483647;
			files = (
			);
			runOnlyForDeploymentPostprocessing = 0;
		};
/* End PBXResourcesBuildPhase section */

/* Begin PBXShellScriptBuildPhase section */
		2932ACB3F38873A509E7CD44 /* [CP] Embed Pods Frameworks */ = {
			isa = PBXShellScriptBuildPhase;
			buildActionMask = 2147483647;
			files = (
			);
			inputFileListPaths = (
				"${PODS_ROOT}/Target Support Files/Pods-DreamKatcher/Pods-DreamKatcher-frameworks-${CONFIGURATION}-input-files.xcfilelist",
			);
			name = "[CP] Embed Pods Frameworks";
			outputFileListPaths = (
				"${PODS_ROOT}/Target Support Files/Pods-DreamKatcher/Pods-DreamKatcher-frameworks-${CONFIGURATION}-output-files.xcfilelist",
			);
			runOnlyForDeploymentPostprocessing = 0;
			shellPath = /bin/sh;
			shellScript = "\"${PODS_ROOT}/Target Support Files/Pods-DreamKatcher/Pods-DreamKatcher-frameworks.sh\"\n";
			showEnvVarsInLog = 0;
		};
		59BF92A59D0C258127CAE012 /* [CP] Check Pods Manifest.lock */ = {
			isa = PBXShellScriptBuildPhase;
			buildActionMask = 2147483647;
			files = (
			);
			inputFileListPaths = (
			);
			inputPaths = (
				"${PODS_PODFILE_DIR_PATH}/Podfile.lock",
				"${PODS_ROOT}/Manifest.lock",
			);
			name = "[CP] Check Pods Manifest.lock";
			outputFileListPaths = (
			);
			outputPaths = (
				"$(DERIVED_FILE_DIR)/Pods-DreamKatcherTests-checkManifestLockResult.txt",
			);
			runOnlyForDeploymentPostprocessing = 0;
			shellPath = /bin/sh;
			shellScript = "diff \"${PODS_PODFILE_DIR_PATH}/Podfile.lock\" \"${PODS_ROOT}/Manifest.lock\" > /dev/null\nif [ $? != 0 ] ; then\n    # print error to STDERR\n    echo \"error: The sandbox is not in sync with the Podfile.lock. Run 'pod install' or update your CocoaPods installation.\" >&2\n    exit 1\nfi\n# This output is used by Xcode 'outputs' to avoid re-running this script phase.\necho \"SUCCESS\" > \"${SCRIPT_OUTPUT_FILE_0}\"\n";
			showEnvVarsInLog = 0;
		};
		D014CFF8DF0E68EC22FEDB98 /* [CP] Check Pods Manifest.lock */ = {
			isa = PBXShellScriptBuildPhase;
			buildActionMask = 2147483647;
			files = (
			);
			inputFileListPaths = (
			);
			inputPaths = (
				"${PODS_PODFILE_DIR_PATH}/Podfile.lock",
				"${PODS_ROOT}/Manifest.lock",
			);
			name = "[CP] Check Pods Manifest.lock";
			outputFileListPaths = (
			);
			outputPaths = (
				"$(DERIVED_FILE_DIR)/Pods-DreamKatcher-checkManifestLockResult.txt",
			);
			runOnlyForDeploymentPostprocessing = 0;
			shellPath = /bin/sh;
			shellScript = "diff \"${PODS_PODFILE_DIR_PATH}/Podfile.lock\" \"${PODS_ROOT}/Manifest.lock\" > /dev/null\nif [ $? != 0 ] ; then\n    # print error to STDERR\n    echo \"error: The sandbox is not in sync with the Podfile.lock. Run 'pod install' or update your CocoaPods installation.\" >&2\n    exit 1\nfi\n# This output is used by Xcode 'outputs' to avoid re-running this script phase.\necho \"SUCCESS\" > \"${SCRIPT_OUTPUT_FILE_0}\"\n";
			showEnvVarsInLog = 0;
		};
		D9D58D085ED242EDF12DCDA5 /* [CP] Check Pods Manifest.lock */ = {
			isa = PBXShellScriptBuildPhase;
			buildActionMask = 2147483647;
			files = (
			);
			inputFileListPaths = (
			);
			inputPaths = (
				"${PODS_PODFILE_DIR_PATH}/Podfile.lock",
				"${PODS_ROOT}/Manifest.lock",
			);
			name = "[CP] Check Pods Manifest.lock";
			outputFileListPaths = (
			);
			outputPaths = (
				"$(DERIVED_FILE_DIR)/Pods-DreamKatcher-DreamKatcherUITests-checkManifestLockResult.txt",
			);
			runOnlyForDeploymentPostprocessing = 0;
			shellPath = /bin/sh;
			shellScript = "diff \"${PODS_PODFILE_DIR_PATH}/Podfile.lock\" \"${PODS_ROOT}/Manifest.lock\" > /dev/null\nif [ $? != 0 ] ; then\n    # print error to STDERR\n    echo \"error: The sandbox is not in sync with the Podfile.lock. Run 'pod install' or update your CocoaPods installation.\" >&2\n    exit 1\nfi\n# This output is used by Xcode 'outputs' to avoid re-running this script phase.\necho \"SUCCESS\" > \"${SCRIPT_OUTPUT_FILE_0}\"\n";
			showEnvVarsInLog = 0;
		};
		E6D78F3F9D43FAED64B1338F /* [CP] Embed Pods Frameworks */ = {
			isa = PBXShellScriptBuildPhase;
			buildActionMask = 2147483647;
			files = (
			);
			inputFileListPaths = (
				"${PODS_ROOT}/Target Support Files/Pods-DreamKatcher-DreamKatcherUITests/Pods-DreamKatcher-DreamKatcherUITests-frameworks-${CONFIGURATION}-input-files.xcfilelist",
			);
			name = "[CP] Embed Pods Frameworks";
			outputFileListPaths = (
				"${PODS_ROOT}/Target Support Files/Pods-DreamKatcher-DreamKatcherUITests/Pods-DreamKatcher-DreamKatcherUITests-frameworks-${CONFIGURATION}-output-files.xcfilelist",
			);
			runOnlyForDeploymentPostprocessing = 0;
			shellPath = /bin/sh;
			shellScript = "\"${PODS_ROOT}/Target Support Files/Pods-DreamKatcher-DreamKatcherUITests/Pods-DreamKatcher-DreamKatcherUITests-frameworks.sh\"\n";
			showEnvVarsInLog = 0;
		};
/* End PBXShellScriptBuildPhase section */

/* Begin PBXSourcesBuildPhase section */
		186608AF24ED92CB0091EF21 /* Sources */ = {
			isa = PBXSourcesBuildPhase;
			buildActionMask = 2147483647;
			files = (
				9D924FB524F69104006C341C /* APILib.swift in Sources */,
				180F9DEA24EDAE8C00AD1723 /* DKFeedPagePresenter.swift in Sources */,
				180F9DE824EDACBE00AD1723 /* StoryboardHelpers.swift in Sources */,
				1866091F24ED980A0091EF21 /* User.swift in Sources */,
				9D924FB824F6912C006C341C /* SASLogger.swift in Sources */,
				180F9DEC24EDBDE300AD1723 /* DKImageViewController.swift in Sources */,
				180F9DE624EDAAE800AD1723 /* DKFeedViewController.swift in Sources */,
				1866091524ED97280091EF21 /* NSObject+Ext.swift in Sources */,
				186608EA24ED93250091EF21 /* APILibrary.swift in Sources */,
				186608B724ED92CB0091EF21 /* AppDelegate.swift in Sources */,
				1866090724ED952C0091EF21 /* ModelResponse.swift in Sources */,
				1866091E24ED980A0091EF21 /* Playback.swift in Sources */,
				1866091324ED97280091EF21 /* SASSuperAlert.swift in Sources */,
				1866091424ED97280091EF21 /* Double+Ext.swift in Sources */,
				1866092424ED980A0091EF21 /* Profile_pic.swift in Sources */,
				1866092124ED980A0091EF21 /* ResultsData.swift in Sources */,
				1866092324ED980A0091EF21 /* New_formatted_data.swift in Sources */,
				186608B924ED92CB0091EF21 /* SceneDelegate.swift in Sources */,
				1866090624ED952C0091EF21 /* Results.swift in Sources */,
				180F9DE424EDAA2900AD1723 /* DKFeedPageViewController.swift in Sources */,
				1866092024ED980A0091EF21 /* ActivityModel.swift in Sources */,
				1866092224ED980A0091EF21 /* Formatted_data.swift in Sources */,
				186608E924ED93250091EF21 /* Constants.swift in Sources */,
			);
			runOnlyForDeploymentPostprocessing = 0;
		};
		186608C524ED92D30091EF21 /* Sources */ = {
			isa = PBXSourcesBuildPhase;
			buildActionMask = 2147483647;
			files = (
				186608CE24ED92D30091EF21 /* DreamKatcherTests.swift in Sources */,
			);
			runOnlyForDeploymentPostprocessing = 0;
		};
		186608D024ED92D30091EF21 /* Sources */ = {
			isa = PBXSourcesBuildPhase;
			buildActionMask = 2147483647;
			files = (
				186608D924ED92D30091EF21 /* DreamKatcherUITests.swift in Sources */,
			);
			runOnlyForDeploymentPostprocessing = 0;
		};
/* End PBXSourcesBuildPhase section */

/* Begin PBXTargetDependency section */
		186608CB24ED92D30091EF21 /* PBXTargetDependency */ = {
			isa = PBXTargetDependency;
			target = 186608B224ED92CB0091EF21 /* DreamKatcher */;
			targetProxy = 186608CA24ED92D30091EF21 /* PBXContainerItemProxy */;
		};
		186608D624ED92D30091EF21 /* PBXTargetDependency */ = {
			isa = PBXTargetDependency;
			target = 186608B224ED92CB0091EF21 /* DreamKatcher */;
			targetProxy = 186608D524ED92D30091EF21 /* PBXContainerItemProxy */;
		};
/* End PBXTargetDependency section */

/* Begin PBXVariantGroup section */
		186608BC24ED92CB0091EF21 /* Main.storyboard */ = {
			isa = PBXVariantGroup;
			children = (
				186608BD24ED92CB0091EF21 /* Base */,
			);
			name = Main.storyboard;
			sourceTree = "<group>";
		};
		186608C124ED92D30091EF21 /* LaunchScreen.storyboard */ = {
			isa = PBXVariantGroup;
			children = (
				186608C224ED92D30091EF21 /* Base */,
			);
			name = LaunchScreen.storyboard;
			sourceTree = "<group>";
		};
/* End PBXVariantGroup section */

/* Begin XCBuildConfiguration section */
		186608DB24ED92D30091EF21 /* Debug */ = {
			isa = XCBuildConfiguration;
			buildSettings = {
				ALWAYS_SEARCH_USER_PATHS = NO;
				CLANG_ANALYZER_NONNULL = YES;
				CLANG_ANALYZER_NUMBER_OBJECT_CONVERSION = YES_AGGRESSIVE;
				CLANG_CXX_LANGUAGE_STANDARD = "gnu++14";
				CLANG_CXX_LIBRARY = "libc++";
				CLANG_ENABLE_MODULES = YES;
				CLANG_ENABLE_OBJC_ARC = YES;
				CLANG_ENABLE_OBJC_WEAK = YES;
				CLANG_WARN_BLOCK_CAPTURE_AUTORELEASING = YES;
				CLANG_WARN_BOOL_CONVERSION = YES;
				CLANG_WARN_COMMA = YES;
				CLANG_WARN_CONSTANT_CONVERSION = YES;
				CLANG_WARN_DEPRECATED_OBJC_IMPLEMENTATIONS = YES;
				CLANG_WARN_DIRECT_OBJC_ISA_USAGE = YES_ERROR;
				CLANG_WARN_DOCUMENTATION_COMMENTS = YES;
				CLANG_WARN_EMPTY_BODY = YES;
				CLANG_WARN_ENUM_CONVERSION = YES;
				CLANG_WARN_INFINITE_RECURSION = YES;
				CLANG_WARN_INT_CONVERSION = YES;
				CLANG_WARN_NON_LITERAL_NULL_CONVERSION = YES;
				CLANG_WARN_OBJC_IMPLICIT_RETAIN_SELF = YES;
				CLANG_WARN_OBJC_LITERAL_CONVERSION = YES;
				CLANG_WARN_OBJC_ROOT_CLASS = YES_ERROR;
				CLANG_WARN_RANGE_LOOP_ANALYSIS = YES;
				CLANG_WARN_STRICT_PROTOTYPES = YES;
				CLANG_WARN_SUSPICIOUS_MOVE = YES;
				CLANG_WARN_UNGUARDED_AVAILABILITY = YES_AGGRESSIVE;
				CLANG_WARN_UNREACHABLE_CODE = YES;
				CLANG_WARN__DUPLICATE_METHOD_MATCH = YES;
				COPY_PHASE_STRIP = NO;
				DEBUG_INFORMATION_FORMAT = dwarf;
				ENABLE_STRICT_OBJC_MSGSEND = YES;
				ENABLE_TESTABILITY = YES;
				GCC_C_LANGUAGE_STANDARD = gnu11;
				GCC_DYNAMIC_NO_PIC = NO;
				GCC_NO_COMMON_BLOCKS = YES;
				GCC_OPTIMIZATION_LEVEL = 0;
				GCC_PREPROCESSOR_DEFINITIONS = (
					"DEBUG=1",
					"$(inherited)",
				);
				GCC_WARN_64_TO_32_BIT_CONVERSION = YES;
				GCC_WARN_ABOUT_RETURN_TYPE = YES_ERROR;
				GCC_WARN_UNDECLARED_SELECTOR = YES;
				GCC_WARN_UNINITIALIZED_AUTOS = YES_AGGRESSIVE;
				GCC_WARN_UNUSED_FUNCTION = YES;
				GCC_WARN_UNUSED_VARIABLE = YES;
				IPHONEOS_DEPLOYMENT_TARGET = 13.6;
				MTL_ENABLE_DEBUG_INFO = INCLUDE_SOURCE;
				MTL_FAST_MATH = YES;
				ONLY_ACTIVE_ARCH = YES;
				SDKROOT = iphoneos;
				SWIFT_ACTIVE_COMPILATION_CONDITIONS = DEBUG;
				SWIFT_OPTIMIZATION_LEVEL = "-Onone";
			};
			name = Debug;
		};
		186608DC24ED92D30091EF21 /* Release */ = {
			isa = XCBuildConfiguration;
			buildSettings = {
				ALWAYS_SEARCH_USER_PATHS = NO;
				CLANG_ANALYZER_NONNULL = YES;
				CLANG_ANALYZER_NUMBER_OBJECT_CONVERSION = YES_AGGRESSIVE;
				CLANG_CXX_LANGUAGE_STANDARD = "gnu++14";
				CLANG_CXX_LIBRARY = "libc++";
				CLANG_ENABLE_MODULES = YES;
				CLANG_ENABLE_OBJC_ARC = YES;
				CLANG_ENABLE_OBJC_WEAK = YES;
				CLANG_WARN_BLOCK_CAPTURE_AUTORELEASING = YES;
				CLANG_WARN_BOOL_CONVERSION = YES;
				CLANG_WARN_COMMA = YES;
				CLANG_WARN_CONSTANT_CONVERSION = YES;
				CLANG_WARN_DEPRECATED_OBJC_IMPLEMENTATIONS = YES;
				CLANG_WARN_DIRECT_OBJC_ISA_USAGE = YES_ERROR;
				CLANG_WARN_DOCUMENTATION_COMMENTS = YES;
				CLANG_WARN_EMPTY_BODY = YES;
				CLANG_WARN_ENUM_CONVERSION = YES;
				CLANG_WARN_INFINITE_RECURSION = YES;
				CLANG_WARN_INT_CONVERSION = YES;
				CLANG_WARN_NON_LITERAL_NULL_CONVERSION = YES;
				CLANG_WARN_OBJC_IMPLICIT_RETAIN_SELF = YES;
				CLANG_WARN_OBJC_LITERAL_CONVERSION = YES;
				CLANG_WARN_OBJC_ROOT_CLASS = YES_ERROR;
				CLANG_WARN_RANGE_LOOP_ANALYSIS = YES;
				CLANG_WARN_STRICT_PROTOTYPES = YES;
				CLANG_WARN_SUSPICIOUS_MOVE = YES;
				CLANG_WARN_UNGUARDED_AVAILABILITY = YES_AGGRESSIVE;
				CLANG_WARN_UNREACHABLE_CODE = YES;
				CLANG_WARN__DUPLICATE_METHOD_MATCH = YES;
				COPY_PHASE_STRIP = NO;
				DEBUG_INFORMATION_FORMAT = "dwarf-with-dsym";
				ENABLE_NS_ASSERTIONS = NO;
				ENABLE_STRICT_OBJC_MSGSEND = YES;
				GCC_C_LANGUAGE_STANDARD = gnu11;
				GCC_NO_COMMON_BLOCKS = YES;
				GCC_WARN_64_TO_32_BIT_CONVERSION = YES;
				GCC_WARN_ABOUT_RETURN_TYPE = YES_ERROR;
				GCC_WARN_UNDECLARED_SELECTOR = YES;
				GCC_WARN_UNINITIALIZED_AUTOS = YES_AGGRESSIVE;
				GCC_WARN_UNUSED_FUNCTION = YES;
				GCC_WARN_UNUSED_VARIABLE = YES;
				IPHONEOS_DEPLOYMENT_TARGET = 13.6;
				MTL_ENABLE_DEBUG_INFO = NO;
				MTL_FAST_MATH = YES;
				SDKROOT = iphoneos;
				SWIFT_COMPILATION_MODE = wholemodule;
				SWIFT_OPTIMIZATION_LEVEL = "-O";
				VALIDATE_PRODUCT = YES;
			};
			name = Release;
		};
		186608DE24ED92D30091EF21 /* Debug */ = {
			isa = XCBuildConfiguration;
			baseConfigurationReference = 0078C69662649D06BA113528 /* Pods-DreamKatcher.debug.xcconfig */;
			buildSettings = {
				ASSETCATALOG_COMPILER_APPICON_NAME = AppIcon;
				CODE_SIGN_STYLE = Automatic;
				DEVELOPMENT_TEAM = RDRMVW96A6;
				INFOPLIST_FILE = DreamKatcher/Info.plist;
				IPHONEOS_DEPLOYMENT_TARGET = 10.0;
				LD_RUNPATH_SEARCH_PATHS = (
					"$(inherited)",
					"@executable_path/Frameworks",
				);
				PRODUCT_BUNDLE_IDENTIFIER = com.TechTonic.DreamKatcher;
				PRODUCT_NAME = "$(TARGET_NAME)";
				SWIFT_VERSION = 5.0;
				TARGETED_DEVICE_FAMILY = 1;
			};
			name = Debug;
		};
		186608DF24ED92D30091EF21 /* Release */ = {
			isa = XCBuildConfiguration;
			baseConfigurationReference = F7649254BD864799D70E7FAD /* Pods-DreamKatcher.release.xcconfig */;
			buildSettings = {
				ASSETCATALOG_COMPILER_APPICON_NAME = AppIcon;
				CODE_SIGN_STYLE = Automatic;
				DEVELOPMENT_TEAM = RDRMVW96A6;
				INFOPLIST_FILE = DreamKatcher/Info.plist;
				IPHONEOS_DEPLOYMENT_TARGET = 10.0;
				LD_RUNPATH_SEARCH_PATHS = (
					"$(inherited)",
					"@executable_path/Frameworks",
				);
				PRODUCT_BUNDLE_IDENTIFIER = com.TechTonic.DreamKatcher;
				PRODUCT_NAME = "$(TARGET_NAME)";
				SWIFT_VERSION = 5.0;
				TARGETED_DEVICE_FAMILY = 1;
			};
			name = Release;
		};
		186608E124ED92D30091EF21 /* Debug */ = {
			isa = XCBuildConfiguration;
			baseConfigurationReference = D44C57CAED802BB7E8008170 /* Pods-DreamKatcherTests.debug.xcconfig */;
			buildSettings = {
				ALWAYS_EMBED_SWIFT_STANDARD_LIBRARIES = YES;
				BUNDLE_LOADER = "$(TEST_HOST)";
				CODE_SIGN_STYLE = Automatic;
				DEVELOPMENT_TEAM = RDRMVW96A6;
				INFOPLIST_FILE = DreamKatcherTests/Info.plist;
				IPHONEOS_DEPLOYMENT_TARGET = 13.6;
				LD_RUNPATH_SEARCH_PATHS = (
					"$(inherited)",
					"@executable_path/Frameworks",
					"@loader_path/Frameworks",
				);
				PRODUCT_BUNDLE_IDENTIFIER = com.TechTonic.DreamKatcherTests;
				PRODUCT_NAME = "$(TARGET_NAME)";
				SWIFT_VERSION = 5.0;
				TARGETED_DEVICE_FAMILY = "1,2";
				TEST_HOST = "$(BUILT_PRODUCTS_DIR)/DreamKatcher.app/DreamKatcher";
			};
			name = Debug;
		};
		186608E224ED92D30091EF21 /* Release */ = {
			isa = XCBuildConfiguration;
			baseConfigurationReference = 6DD2A496F340859B62D94051 /* Pods-DreamKatcherTests.release.xcconfig */;
			buildSettings = {
				ALWAYS_EMBED_SWIFT_STANDARD_LIBRARIES = YES;
				BUNDLE_LOADER = "$(TEST_HOST)";
				CODE_SIGN_STYLE = Automatic;
				DEVELOPMENT_TEAM = RDRMVW96A6;
				INFOPLIST_FILE = DreamKatcherTests/Info.plist;
				IPHONEOS_DEPLOYMENT_TARGET = 13.6;
				LD_RUNPATH_SEARCH_PATHS = (
					"$(inherited)",
					"@executable_path/Frameworks",
					"@loader_path/Frameworks",
				);
				PRODUCT_BUNDLE_IDENTIFIER = com.TechTonic.DreamKatcherTests;
				PRODUCT_NAME = "$(TARGET_NAME)";
				SWIFT_VERSION = 5.0;
				TARGETED_DEVICE_FAMILY = "1,2";
				TEST_HOST = "$(BUILT_PRODUCTS_DIR)/DreamKatcher.app/DreamKatcher";
			};
			name = Release;
		};
		186608E424ED92D30091EF21 /* Debug */ = {
			isa = XCBuildConfiguration;
			baseConfigurationReference = 3F6D7B22FC8BA24FC44F4BC5 /* Pods-DreamKatcher-DreamKatcherUITests.debug.xcconfig */;
			buildSettings = {
				ALWAYS_EMBED_SWIFT_STANDARD_LIBRARIES = YES;
				CODE_SIGN_STYLE = Automatic;
				DEVELOPMENT_TEAM = RDRMVW96A6;
				INFOPLIST_FILE = DreamKatcherUITests/Info.plist;
				LD_RUNPATH_SEARCH_PATHS = (
					"$(inherited)",
					"@executable_path/Frameworks",
					"@loader_path/Frameworks",
				);
				PRODUCT_BUNDLE_IDENTIFIER = com.TechTonic.DreamKatcherUITests;
				PRODUCT_NAME = "$(TARGET_NAME)";
				SWIFT_VERSION = 5.0;
				TARGETED_DEVICE_FAMILY = "1,2";
				TEST_TARGET_NAME = DreamKatcher;
			};
			name = Debug;
		};
		186608E524ED92D30091EF21 /* Release */ = {
			isa = XCBuildConfiguration;
			baseConfigurationReference = EE97EB649445CD535016512A /* Pods-DreamKatcher-DreamKatcherUITests.release.xcconfig */;
			buildSettings = {
				ALWAYS_EMBED_SWIFT_STANDARD_LIBRARIES = YES;
				CODE_SIGN_STYLE = Automatic;
				DEVELOPMENT_TEAM = RDRMVW96A6;
				INFOPLIST_FILE = DreamKatcherUITests/Info.plist;
				LD_RUNPATH_SEARCH_PATHS = (
					"$(inherited)",
					"@executable_path/Frameworks",
					"@loader_path/Frameworks",
				);
				PRODUCT_BUNDLE_IDENTIFIER = com.TechTonic.DreamKatcherUITests;
				PRODUCT_NAME = "$(TARGET_NAME)";
				SWIFT_VERSION = 5.0;
				TARGETED_DEVICE_FAMILY = "1,2";
				TEST_TARGET_NAME = DreamKatcher;
			};
			name = Release;
		};
/* End XCBuildConfiguration section */

/* Begin XCConfigurationList section */
		186608AE24ED92CB0091EF21 /* Build configuration list for PBXProject "DreamKatcher" */ = {
			isa = XCConfigurationList;
			buildConfigurations = (
				186608DB24ED92D30091EF21 /* Debug */,
				186608DC24ED92D30091EF21 /* Release */,
			);
			defaultConfigurationIsVisible = 0;
			defaultConfigurationName = Release;
		};
		186608DD24ED92D30091EF21 /* Build configuration list for PBXNativeTarget "DreamKatcher" */ = {
			isa = XCConfigurationList;
			buildConfigurations = (
				186608DE24ED92D30091EF21 /* Debug */,
				186608DF24ED92D30091EF21 /* Release */,
			);
			defaultConfigurationIsVisible = 0;
			defaultConfigurationName = Release;
		};
		186608E024ED92D30091EF21 /* Build configuration list for PBXNativeTarget "DreamKatcherTests" */ = {
			isa = XCConfigurationList;
			buildConfigurations = (
				186608E124ED92D30091EF21 /* Debug */,
				186608E224ED92D30091EF21 /* Release */,
			);
			defaultConfigurationIsVisible = 0;
			defaultConfigurationName = Release;
		};
		186608E324ED92D30091EF21 /* Build configuration list for PBXNativeTarget "DreamKatcherUITests" */ = {
			isa = XCConfigurationList;
			buildConfigurations = (
				186608E424ED92D30091EF21 /* Debug */,
				186608E524ED92D30091EF21 /* Release */,
			);
			defaultConfigurationIsVisible = 0;
			defaultConfigurationName = Release;
		};
/* End XCConfigurationList section */
	};
	rootObject = 186608AB24ED92CB0091EF21 /* Project object */;
}
